
Microsoft Visual Studio Solution File, Format Version 12.00
# Visual Studio Version 17
VisualStudioVersion = 17.14.36301.6
MinimumVisualStudioVersion = 10.0.40219.1
Project("{2150E333-8FDC-42A3-9474-1A3956D46DE8}") = "FrontEnd", "FrontEnd", "{02EA681E-C7D8-13C7-8484-4AC65E1B71E8}"
EndProject
Project("{2150E333-8FDC-42A3-9474-1A3956D46DE8}") = "Services", "Services", "{96EA2445-2AAA-4D5B-8AAE-C2B0A54DF913}"
EndProject
Project("{FAE04EC0-301F-11D3-BF4B-00C04F79EFBC}") = "GeekShopping.Web", "GeekShopping.Web\GeekShopping.Web.csproj", "{03B96A13-53E8-4784-AF09-2160570C6C4B}"
EndProject
Project("{FAE04EC0-301F-11D3-BF4B-00C04F79EFBC}") = "GeekShopping.ProductAPI", "GeekShopping.ProductAPI\GeekShopping.ProductAPI.csproj", "{46471117-F3B0-4185-9D85-0E2764F62E22}"
EndProject
Project("{FAE04EC0-301F-11D3-BF4B-00C04F79EFBC}") = "GeekShopping.IdentityServer", "GeekShopping.IdentityServer\GeekShopping.IdentityServer.csproj", "{93AE69E7-3B73-4518-BA9C-AF7DECED77AA}"
EndProject
Global
	GlobalSection(SolutionConfigurationPlatforms) = preSolution
		Debug|Any CPU = Debug|Any CPU
		Release|Any CPU = Release|Any CPU
	EndGlobalSection
	GlobalSection(ProjectConfigurationPlatforms) = postSolution
		{03B96A13-53E8-4784-AF09-2160570C6C4B}.Debug|Any CPU.ActiveCfg = Debug|Any CPU
		{03B96A13-53E8-4784-AF09-2160570C6C4B}.Debug|Any CPU.Build.0 = Debug|Any CPU
		{03B96A13-53E8-4784-AF09-2160570C6C4B}.Release|Any CPU.ActiveCfg = Release|Any CPU
		{03B96A13-53E8-4784-AF09-2160570C6C4B}.Release|Any CPU.Build.0 = Release|Any CPU
		{46471117-F3B0-4185-9D85-0E2764F62E22}.Debug|Any CPU.ActiveCfg = Debug|Any CPU
		{46471117-F3B0-4185-9D85-0E2764F62E22}.Debug|Any CPU.Build.0 = Debug|Any CPU
		{46471117-F3B0-4185-9D85-0E2764F62E22}.Release|Any CPU.ActiveCfg = Release|Any CPU
		{46471117-F3B0-4185-9D85-0E2764F62E22}.Release|Any CPU.Build.0 = Release|Any CPU
		{93AE69E7-3B73-4518-BA9C-AF7DECED77AA}.Debug|Any CPU.ActiveCfg = Debug|Any CPU
		{93AE69E7-3B73-4518-BA9C-AF7DECED77AA}.Debug|Any CPU.Build.0 = Debug|Any CPU
		{93AE69E7-3B73-4518-BA9C-AF7DECED77AA}.Release|Any CPU.ActiveCfg = Release|Any CPU
		{93AE69E7-3B73-4518-BA9C-AF7DECED77AA}.Release|Any CPU.Build.0 = Release|Any CPU
	EndGlobalSection
	GlobalSection(SolutionProperties) = preSolution
		HideSolutionNode = FALSE
	EndGlobalSection
	GlobalSection(NestedProjects) = preSolution
		{03B96A13-53E8-4784-AF09-2160570C6C4B} = {02EA681E-C7D8-13C7-8484-4AC65E1B71E8}
		{46471117-F3B0-4185-9D85-0E2764F62E22} = {96EA2445-2AAA-4D5B-8AAE-C2B0A54DF913}
		{93AE69E7-3B73-4518-BA9C-AF7DECED77AA} = {96EA2445-2AAA-4D5B-8AAE-C2B0A54DF913}
	EndGlobalSection
	GlobalSection(ExtensibilityGlobals) = postSolution
		SolutionGuid = {516D8B91-C28E-481A-B4AE-A65B567525C0}
	EndGlobalSection
EndGlobal
